
Microsoft Visual Studio Solution File, Format Version 12.00
# Visual Studio 15
Project("{FAE04EC0-301F-11D3-BF4B-00C04F79EFBC}") = "Assembly-CSharp", "Assembly-CSharp.csproj", "{BCC87A25-06EB-053F-6C46-F703F2A731E4}"
EndProject
Project("{FAE04EC0-301F-11D3-BF4B-00C04F79EFBC}") = "Assembly-CSharp-firstpass", "Assembly-CSharp-firstpass.csproj", "{008C84BC-A8EE-F8AB-3F8A-89D1EC0C32EA}"
EndProject
Global
	GlobalSection(SolutionConfigurationPlatforms) = preSolution
		Debug|Any CPU = Debug|Any CPU
		Release|Any CPU = Release|Any CPU
	EndGlobalSection
	GlobalSection(ProjectConfigurationPlatforms) = postSolution
		{BCC87A25-06EB-053F-6C46-F703F2A731E4}.Debug|Any CPU.ActiveCfg = Debug|Any CPU
		{BCC87A25-06EB-053F-6C46-F703F2A731E4}.Debug|Any CPU.Build.0 = Debug|Any CPU
		{BCC87A25-06EB-053F-6C46-F703F2A731E4}.Release|Any CPU.ActiveCfg = Release|Any CPU
		{BCC87A25-06EB-053F-6C46-F703F2A731E4}.Release|Any CPU.Build.0 = Release|Any CPU
		{008C84BC-A8EE-F8AB-3F8A-89D1EC0C32EA}.Debug|Any CPU.ActiveCfg = Debug|Any CPU
		{008C84BC-A8EE-F8AB-3F8A-89D1EC0C32EA}.Debug|Any CPU.Build.0 = Debug|Any CPU
		{008C84BC-A8EE-F8AB-3F8A-89D1EC0C32EA}.Release|Any CPU.ActiveCfg = Release|Any CPU
		{008C84BC-A8EE-F8AB-3F8A-89D1EC0C32EA}.Release|Any CPU.Build.0 = Release|Any CPU
	EndGlobalSection
	GlobalSection(SolutionProperties) = preSolution
		HideSolutionNode = FALSE
	EndGlobalSection
EndGlobal
